{
  "object": {
    "pins": [
      {
        "package": "Corridor",
        "repositoryURL": "https://github.com/Nextdoor/corridor.git",
        "state": {
          "branch": null,
          "revision": "5e3d4970087c6978a37d07af3fcf9f06a721ca0a",
          "version": "1.0.2"
        }
      }
    ]
  },
  "version": 1
}
