{
  "object": {
    "pins": [
      {
        "package": "Corridor",
        "repositoryURL": "git@github.com:Nextdoor/corridor.git",
        "state": {
          "branch": null,
          "revision": "6bf9967b31ae31a1bd2be0d195de69fb3178d48d",
          "version": "1.0.3"
        }
      }
    ]
  },
  "version": 1
}
